
Microsoft Visual Studio Solution File, Format Version 12.00
# Visual Studio 15
Project("{FAE04EC0-301F-11D3-BF4B-00C04F79EFBC}") = "AstarPathfindingProject", "AstarPathfindingProject.csproj", "{BFDE3923-ED87-65B5-E508-8D7D0013DA1D}"
EndProject
Project("{FAE04EC0-301F-11D3-BF4B-00C04F79EFBC}") = "Assembly-CSharp", "Assembly-CSharp.csproj", "{6048BCF0-355C-5CEC-0075-AB0D1B35A16C}"
EndProject
Project("{FAE04EC0-301F-11D3-BF4B-00C04F79EFBC}") = "Assembly-CSharp-Editor", "Assembly-CSharp-Editor.csproj", "{D60825F6-D6D6-1FC7-B5D0-11C5582763D3}"
EndProject
Project("{FAE04EC0-301F-11D3-BF4B-00C04F79EFBC}") = "PackageToolsEditor", "PackageToolsEditor.csproj", "{96BDEF92-C008-40ED-6556-6D65EB250330}"
EndProject
Project("{FAE04EC0-301F-11D3-BF4B-00C04F79EFBC}") = "AstarPathfindingProjectEditor", "AstarPathfindingProjectEditor.csproj", "{98D7B6FE-B9D7-BC91-D428-807E70983FD3}"
EndProject
Project("{FAE04EC0-301F-11D3-BF4B-00C04F79EFBC}") = "Unity.2DPlatformer.Tutorials", "Unity.2DPlatformer.Tutorials.csproj", "{F087F1D1-134D-1579-851C-DFC70EA1B78A}"
EndProject
Project("{FAE04EC0-301F-11D3-BF4B-00C04F79EFBC}") = "Unity.Platformer.Tutorials", "Unity.Platformer.Tutorials.csproj", "{58009672-801A-F1A5-F6B2-8A76871835B9}"
EndProject
Global
	GlobalSection(SolutionConfigurationPlatforms) = preSolution
		Debug|Any CPU = Debug|Any CPU
		Release|Any CPU = Release|Any CPU
	EndGlobalSection
	GlobalSection(ProjectConfigurationPlatforms) = postSolution
		{BFDE3923-ED87-65B5-E508-8D7D0013DA1D}.Debug|Any CPU.ActiveCfg = Debug|Any CPU
		{BFDE3923-ED87-65B5-E508-8D7D0013DA1D}.Debug|Any CPU.Build.0 = Debug|Any CPU
		{BFDE3923-ED87-65B5-E508-8D7D0013DA1D}.Release|Any CPU.ActiveCfg = Release|Any CPU
		{BFDE3923-ED87-65B5-E508-8D7D0013DA1D}.Release|Any CPU.Build.0 = Release|Any CPU
		{6048BCF0-355C-5CEC-0075-AB0D1B35A16C}.Debug|Any CPU.ActiveCfg = Debug|Any CPU
		{6048BCF0-355C-5CEC-0075-AB0D1B35A16C}.Debug|Any CPU.Build.0 = Debug|Any CPU
		{6048BCF0-355C-5CEC-0075-AB0D1B35A16C}.Release|Any CPU.ActiveCfg = Release|Any CPU
		{6048BCF0-355C-5CEC-0075-AB0D1B35A16C}.Release|Any CPU.Build.0 = Release|Any CPU
		{D60825F6-D6D6-1FC7-B5D0-11C5582763D3}.Debug|Any CPU.ActiveCfg = Debug|Any CPU
		{D60825F6-D6D6-1FC7-B5D0-11C5582763D3}.Debug|Any CPU.Build.0 = Debug|Any CPU
		{D60825F6-D6D6-1FC7-B5D0-11C5582763D3}.Release|Any CPU.ActiveCfg = Release|Any CPU
		{D60825F6-D6D6-1FC7-B5D0-11C5582763D3}.Release|Any CPU.Build.0 = Release|Any CPU
		{96BDEF92-C008-40ED-6556-6D65EB250330}.Debug|Any CPU.ActiveCfg = Debug|Any CPU
		{96BDEF92-C008-40ED-6556-6D65EB250330}.Debug|Any CPU.Build.0 = Debug|Any CPU
		{96BDEF92-C008-40ED-6556-6D65EB250330}.Release|Any CPU.ActiveCfg = Release|Any CPU
		{96BDEF92-C008-40ED-6556-6D65EB250330}.Release|Any CPU.Build.0 = Release|Any CPU
		{98D7B6FE-B9D7-BC91-D428-807E70983FD3}.Debug|Any CPU.ActiveCfg = Debug|Any CPU
		{98D7B6FE-B9D7-BC91-D428-807E70983FD3}.Debug|Any CPU.Build.0 = Debug|Any CPU
		{98D7B6FE-B9D7-BC91-D428-807E70983FD3}.Release|Any CPU.ActiveCfg = Release|Any CPU
		{98D7B6FE-B9D7-BC91-D428-807E70983FD3}.Release|Any CPU.Build.0 = Release|Any CPU
		{F087F1D1-134D-1579-851C-DFC70EA1B78A}.Debug|Any CPU.ActiveCfg = Debug|Any CPU
		{F087F1D1-134D-1579-851C-DFC70EA1B78A}.Debug|Any CPU.Build.0 = Debug|Any CPU
		{F087F1D1-134D-1579-851C-DFC70EA1B78A}.Release|Any CPU.ActiveCfg = Release|Any CPU
		{F087F1D1-134D-1579-851C-DFC70EA1B78A}.Release|Any CPU.Build.0 = Release|Any CPU
		{58009672-801A-F1A5-F6B2-8A76871835B9}.Debug|Any CPU.ActiveCfg = Debug|Any CPU
		{58009672-801A-F1A5-F6B2-8A76871835B9}.Debug|Any CPU.Build.0 = Debug|Any CPU
		{58009672-801A-F1A5-F6B2-8A76871835B9}.Release|Any CPU.ActiveCfg = Release|Any CPU
		{58009672-801A-F1A5-F6B2-8A76871835B9}.Release|Any CPU.Build.0 = Release|Any CPU
	EndGlobalSection
	GlobalSection(SolutionProperties) = preSolution
		HideSolutionNode = FALSE
	EndGlobalSection
EndGlobal
